
Microsoft Visual Studio Solution File, Format Version 12.00
# Visual Studio Version 16
VisualStudioVersion = 16.0.31729.503
MinimumVisualStudioVersion = 10.0.40219.1
Project("{8BC9CEB8-8B4A-11D0-8D11-00A0C91BC942}") = "Sig", "Sig\Sig.vcxproj", "{40048B65-1246-4003-BE46-1630D918B49B}"
EndProject
Global
	GlobalSection(SolutionConfigurationPlatforms) = preSolution
		Debug|x64 = Debug|x64
		Debug|x86 = Debug|x86
		Release|x64 = Release|x64
		Release|x86 = Release|x86
	EndGlobalSection
	GlobalSection(ProjectConfigurationPlatforms) = postSolution
		{40048B65-1246-4003-BE46-1630D918B49B}.Debug|x64.ActiveCfg = Debug|x64
		{40048B65-1246-4003-BE46-1630D918B49B}.Debug|x64.Build.0 = Debug|x64
		{40048B65-1246-4003-BE46-1630D918B49B}.Debug|x86.ActiveCfg = Debug|Win32
		{40048B65-1246-4003-BE46-1630D918B49B}.Debug|x86.Build.0 = Debug|Win32
		{40048B65-1246-4003-BE46-1630D918B49B}.Release|x64.ActiveCfg = Release|x64
		{40048B65-1246-4003-BE46-1630D918B49B}.Release|x64.Build.0 = Release|x64
		{40048B65-1246-4003-BE46-1630D918B49B}.Release|x86.ActiveCfg = Release|Win32
		{40048B65-1246-4003-BE46-1630D918B49B}.Release|x86.Build.0 = Release|Win32
	EndGlobalSection
	GlobalSection(SolutionProperties) = preSolution
		HideSolutionNode = FALSE
	EndGlobalSection
	GlobalSection(ExtensibilityGlobals) = postSolution
		SolutionGuid = {E3BC0C3D-B480-4EE9-8F7E-C1C7A25A1CCE}
	EndGlobalSection
EndGlobal
